
Microsoft Visual Studio Solution File, Format Version 12.00
# Visual Studio Version 16
VisualStudioVersion = 16.0.28803.352
MinimumVisualStudioVersion = 10.0.40219.1
Project("{FAE04EC0-301F-11D3-BF4B-00C04F79EFBC}") = "ConsoleUI", "ConsoleUI\ConsoleUI.csproj", "{0AE01837-5BD3-4D1A-99F5-0766355CEA56}"
EndProject
Project("{FAE04EC0-301F-11D3-BF4B-00C04F79EFBC}") = "HospitalLibrary", "HospitalLibrary\HospitalLibrary.csproj", "{13D58E52-1166-4F85-AF8C-6EE5D74C14F6}"
EndProject
Global
	GlobalSection(SolutionConfigurationPlatforms) = preSolution
		Debug|Any CPU = Debug|Any CPU
		Release|Any CPU = Release|Any CPU
	EndGlobalSection
	GlobalSection(ProjectConfigurationPlatforms) = postSolution
		{0AE01837-5BD3-4D1A-99F5-0766355CEA56}.Debug|Any CPU.ActiveCfg = Debug|Any CPU
		{0AE01837-5BD3-4D1A-99F5-0766355CEA56}.Debug|Any CPU.Build.0 = Debug|Any CPU
		{0AE01837-5BD3-4D1A-99F5-0766355CEA56}.Release|Any CPU.ActiveCfg = Release|Any CPU
		{0AE01837-5BD3-4D1A-99F5-0766355CEA56}.Release|Any CPU.Build.0 = Release|Any CPU
		{13D58E52-1166-4F85-AF8C-6EE5D74C14F6}.Debug|Any CPU.ActiveCfg = Debug|Any CPU
		{13D58E52-1166-4F85-AF8C-6EE5D74C14F6}.Debug|Any CPU.Build.0 = Debug|Any CPU
		{13D58E52-1166-4F85-AF8C-6EE5D74C14F6}.Release|Any CPU.ActiveCfg = Release|Any CPU
		{13D58E52-1166-4F85-AF8C-6EE5D74C14F6}.Release|Any CPU.Build.0 = Release|Any CPU
	EndGlobalSection
	GlobalSection(SolutionProperties) = preSolution
		HideSolutionNode = FALSE
	EndGlobalSection
	GlobalSection(ExtensibilityGlobals) = postSolution
		SolutionGuid = {012CAB2F-F611-4B0B-BD4B-44448EF809DC}
	EndGlobalSection
EndGlobal
