
Microsoft Visual Studio Solution File, Format Version 12.00
# Visual Studio Version 16
VisualStudioVersion = 16.0.28803.352
MinimumVisualStudioVersion = 10.0.40219.1
Project("{FAE04EC0-301F-11D3-BF4B-00C04F79EFBC}") = "ConsoleUI", "ConsoleUI\ConsoleUI.csproj", "{432177F4-F9C8-4C3B-BB7A-1BCC3965D075}"
EndProject
Project("{FAE04EC0-301F-11D3-BF4B-00C04F79EFBC}") = "RandomNumberLibrary", "RandomNumberLibrary\RandomNumberLibrary.csproj", "{F1016911-3099-458D-96B1-48474A59F485}"
EndProject
Global
	GlobalSection(SolutionConfigurationPlatforms) = preSolution
		Debug|Any CPU = Debug|Any CPU
		Release|Any CPU = Release|Any CPU
	EndGlobalSection
	GlobalSection(ProjectConfigurationPlatforms) = postSolution
		{432177F4-F9C8-4C3B-BB7A-1BCC3965D075}.Debug|Any CPU.ActiveCfg = Debug|Any CPU
		{432177F4-F9C8-4C3B-BB7A-1BCC3965D075}.Debug|Any CPU.Build.0 = Debug|Any CPU
		{432177F4-F9C8-4C3B-BB7A-1BCC3965D075}.Release|Any CPU.ActiveCfg = Release|Any CPU
		{432177F4-F9C8-4C3B-BB7A-1BCC3965D075}.Release|Any CPU.Build.0 = Release|Any CPU
		{F1016911-3099-458D-96B1-48474A59F485}.Debug|Any CPU.ActiveCfg = Debug|Any CPU
		{F1016911-3099-458D-96B1-48474A59F485}.Debug|Any CPU.Build.0 = Debug|Any CPU
		{F1016911-3099-458D-96B1-48474A59F485}.Release|Any CPU.ActiveCfg = Release|Any CPU
		{F1016911-3099-458D-96B1-48474A59F485}.Release|Any CPU.Build.0 = Release|Any CPU
	EndGlobalSection
	GlobalSection(SolutionProperties) = preSolution
		HideSolutionNode = FALSE
	EndGlobalSection
	GlobalSection(ExtensibilityGlobals) = postSolution
		SolutionGuid = {472E6728-DF05-4C24-8FCA-5692BA5EC1B2}
	EndGlobalSection
EndGlobal
