
Microsoft Visual Studio Solution File, Format Version 12.00
# Visual Studio Version 16
VisualStudioVersion = 16.0.29215.179
MinimumVisualStudioVersion = 10.0.40219.1
Project("{FAE04EC0-301F-11D3-BF4B-00C04F79EFBC}") = "ConsoleUI", "ConsoleUI\ConsoleUI.csproj", "{55D6AF9E-D680-4CE8-ABF7-2D10ED2F049C}"
EndProject
Project("{FAE04EC0-301F-11D3-BF4B-00C04F79EFBC}") = "ReadFileLibrary", "ReadFileLibrary\ReadFileLibrary.csproj", "{475DB03D-BFF0-4F27-A488-01282764204B}"
EndProject
Global
	GlobalSection(SolutionConfigurationPlatforms) = preSolution
		Debug|Any CPU = Debug|Any CPU
		Release|Any CPU = Release|Any CPU
	EndGlobalSection
	GlobalSection(ProjectConfigurationPlatforms) = postSolution
		{55D6AF9E-D680-4CE8-ABF7-2D10ED2F049C}.Debug|Any CPU.ActiveCfg = Debug|Any CPU
		{55D6AF9E-D680-4CE8-ABF7-2D10ED2F049C}.Debug|Any CPU.Build.0 = Debug|Any CPU
		{55D6AF9E-D680-4CE8-ABF7-2D10ED2F049C}.Release|Any CPU.ActiveCfg = Release|Any CPU
		{55D6AF9E-D680-4CE8-ABF7-2D10ED2F049C}.Release|Any CPU.Build.0 = Release|Any CPU
		{475DB03D-BFF0-4F27-A488-01282764204B}.Debug|Any CPU.ActiveCfg = Debug|Any CPU
		{475DB03D-BFF0-4F27-A488-01282764204B}.Debug|Any CPU.Build.0 = Debug|Any CPU
		{475DB03D-BFF0-4F27-A488-01282764204B}.Release|Any CPU.ActiveCfg = Release|Any CPU
		{475DB03D-BFF0-4F27-A488-01282764204B}.Release|Any CPU.Build.0 = Release|Any CPU
	EndGlobalSection
	GlobalSection(SolutionProperties) = preSolution
		HideSolutionNode = FALSE
	EndGlobalSection
	GlobalSection(ExtensibilityGlobals) = postSolution
		SolutionGuid = {F59C2289-FD49-4C84-8FCC-71DDCCF4688B}
	EndGlobalSection
EndGlobal
