
Microsoft Visual Studio Solution File, Format Version 12.00
# Visual Studio Version 16
VisualStudioVersion = 16.0.28803.352
MinimumVisualStudioVersion = 10.0.40219.1
Project("{FAE04EC0-301F-11D3-BF4B-00C04F79EFBC}") = "ConsoleUI", "ConsoleUI\ConsoleUI.csproj", "{30910888-B66A-4E9D-AF66-D8D88E801A73}"
EndProject
Project("{FAE04EC0-301F-11D3-BF4B-00C04F79EFBC}") = "PersonClassLibrary", "PersonClassLibrary\PersonClassLibrary.csproj", "{5BC43936-2295-4CBD-A7AF-961329BBA884}"
EndProject
Global
	GlobalSection(SolutionConfigurationPlatforms) = preSolution
		Debug|Any CPU = Debug|Any CPU
		Release|Any CPU = Release|Any CPU
	EndGlobalSection
	GlobalSection(ProjectConfigurationPlatforms) = postSolution
		{30910888-B66A-4E9D-AF66-D8D88E801A73}.Debug|Any CPU.ActiveCfg = Debug|Any CPU
		{30910888-B66A-4E9D-AF66-D8D88E801A73}.Debug|Any CPU.Build.0 = Debug|Any CPU
		{30910888-B66A-4E9D-AF66-D8D88E801A73}.Release|Any CPU.ActiveCfg = Release|Any CPU
		{30910888-B66A-4E9D-AF66-D8D88E801A73}.Release|Any CPU.Build.0 = Release|Any CPU
		{5BC43936-2295-4CBD-A7AF-961329BBA884}.Debug|Any CPU.ActiveCfg = Debug|Any CPU
		{5BC43936-2295-4CBD-A7AF-961329BBA884}.Debug|Any CPU.Build.0 = Debug|Any CPU
		{5BC43936-2295-4CBD-A7AF-961329BBA884}.Release|Any CPU.ActiveCfg = Release|Any CPU
		{5BC43936-2295-4CBD-A7AF-961329BBA884}.Release|Any CPU.Build.0 = Release|Any CPU
	EndGlobalSection
	GlobalSection(SolutionProperties) = preSolution
		HideSolutionNode = FALSE
	EndGlobalSection
	GlobalSection(ExtensibilityGlobals) = postSolution
		SolutionGuid = {61B7D7E5-3A9A-4C23-B851-2C20E3482F3D}
	EndGlobalSection
EndGlobal
